// !$*UTF8*$!
{
	archiveVersion = 1;
	classes = {
	};
	objectVersion = 54;
	objects = {

/* Begin PBXBuildFile section */
		0B1156A0CF8E4038A9E48D57 /* PlusJakartaSans-Medium.ttf in Resources */ = {isa = PBXBuildFile; fileRef = 8B7C8551B6A9447E95960E7B /* PlusJakartaSans-Medium.ttf */; };
		0D039BCD9FBC4A39B400D0DC /* PlusJakartaSans-ExtraBold.ttf in Resources */ = {isa = PBXBuildFile; fileRef = E15816B2EC594B39AB0965BB /* PlusJakartaSans-ExtraBold.ttf */; };
		13B07FBF1A68108700A75B9A /* Images.xcassets in Resources */ = {isa = PBXBuildFile; fileRef = 13B07FB51A68108700A75B9A /* Images.xcassets */; };
		1DF0FC5713324A118363D5FB /* PlusJakartaSans-ExtraLight.ttf in Resources */ = {isa = PBXBuildFile; fileRef = A5B70C8929C348519EA109E5 /* PlusJakartaSans-ExtraLight.ttf */; };
		289D019C949D4CEABCB3AED6 /* PlusJakartaSans-ExtraLightItalic.ttf in Resources */ = {isa = PBXBuildFile; fileRef = 4BE210BB10CC4DE9B7EBCFD5 /* PlusJakartaSans-ExtraLightItalic.ttf */; };
		390694010ECC46BBABAF8A93 /* Colors.xcassets in Resources */ = {isa = PBXBuildFile; fileRef = C5606FBF42D1489B8BC6D2DF /* Colors.xcassets */; };
		4EC005E574414B42A1B4DDD3 /* PlusJakartaSans-Regular.ttf in Resources */ = {isa = PBXBuildFile; fileRef = 35D80580726E4CFF9D22E937 /* PlusJakartaSans-Regular.ttf */; };
		57720EDF2D98416AB76F9042 /* PlusJakartaSans-BoldItalic.ttf in Resources */ = {isa = PBXBuildFile; fileRef = AD422CE9AC0F48168147213B /* PlusJakartaSans-BoldItalic.ttf */; };
		72EAA66206C548EBB5421C76 /* PlusJakartaSans-MediumItalic.ttf in Resources */ = {isa = PBXBuildFile; fileRef = 32B853D609B64E34AEC92141 /* PlusJakartaSans-MediumItalic.ttf */; };
		761780ED2CA45674006654EE /* AppDelegate.swift in Sources */ = {isa = PBXBuildFile; fileRef = 761780EC2CA45674006654EE /* AppDelegate.swift */; };
		81AB9BB82411601600AC10FF /* LaunchScreen.storyboard in Resources */ = {isa = PBXBuildFile; fileRef = 81AB9BB72411601600AC10FF /* LaunchScreen.storyboard */; };
		81ED1506AB18462EA85BA5D6 /* PlusJakartaSans-SemiBold.ttf in Resources */ = {isa = PBXBuildFile; fileRef = 4327AE67CA7545E3BF31EC3F /* PlusJakartaSans-SemiBold.ttf */; };
		89E4D042E070EF27D79E1057 /* PrivacyInfo.xcprivacy in Resources */ = {isa = PBXBuildFile; fileRef = 13B07FB81A68108700A75B9A /* PrivacyInfo.xcprivacy */; };
		8ACBAEA22E80216500B200D6 /* FontAwesome.ttf in Resources */ = {isa = PBXBuildFile; fileRef = 8ACBAE922E80216500B200D6 /* FontAwesome.ttf */; };
		8ACBAEA32E80216500B200D6 /* FontAwesome6_Solid.ttf in Resources */ = {isa = PBXBuildFile; fileRef = 8ACBAE982E80216500B200D6 /* FontAwesome6_Solid.ttf */; };
		8ACBAEA42E80216500B200D6 /* FontAwesome6_Brands.ttf in Resources */ = {isa = PBXBuildFile; fileRef = 8ACBAE962E80216500B200D6 /* FontAwesome6_Brands.ttf */; };
		8ACBAEA52E80216500B200D6 /* FontAwesome6_Regular.ttf in Resources */ = {isa = PBXBuildFile; fileRef = 8ACBAE972E80216500B200D6 /* FontAwesome6_Regular.ttf */; };
		8ACBAEA62E80216500B200D6 /* FontAwesome5_Regular.ttf in Resources */ = {isa = PBXBuildFile; fileRef = 8ACBAE942E80216500B200D6 /* FontAwesome5_Regular.ttf */; };
		8ACBAEA72E80216500B200D6 /* Ionicons.ttf in Resources */ = {isa = PBXBuildFile; fileRef = 8ACBAE9B2E80216500B200D6 /* Ionicons.ttf */; };
		8ACBAEA82E80216500B200D6 /* MaterialIcons.ttf in Resources */ = {isa = PBXBuildFile; fileRef = 8ACBAE9D2E80216500B200D6 /* MaterialIcons.ttf */; };
		8ACBAEA92E80216500B200D6 /* MaterialCommunityIcons.ttf in Resources */ = {isa = PBXBuildFile; fileRef = 8ACBAE9C2E80216500B200D6 /* MaterialCommunityIcons.ttf */; };
		8ACBAEAA2E80216500B200D6 /* AntDesign.ttf in Resources */ = {isa = PBXBuildFile; fileRef = 8ACBAE8E2E80216500B200D6 /* AntDesign.ttf */; };
		8ACBAEAB2E80216500B200D6 /* Octicons.ttf in Resources */ = {isa = PBXBuildFile; fileRef = 8ACBAE9E2E80216500B200D6 /* Octicons.ttf */; };
		8ACBAEAC2E80216500B200D6 /* Foundation.ttf in Resources */ = {isa = PBXBuildFile; fileRef = 8ACBAE9A2E80216500B200D6 /* Foundation.ttf */; };
		8ACBAEAD2E80216500B200D6 /* Feather.ttf in Resources */ = {isa = PBXBuildFile; fileRef = 8ACBAE912E80216500B200D6 /* Feather.ttf */; };
		8ACBAEAE2E80216500B200D6 /* Fontisto.ttf in Resources */ = {isa = PBXBuildFile; fileRef = 8ACBAE992E80216500B200D6 /* Fontisto.ttf */; };
		8ACBAEAF2E80216500B200D6 /* EvilIcons.ttf in Resources */ = {isa = PBXBuildFile; fileRef = 8ACBAE902E80216500B200D6 /* EvilIcons.ttf */; };
		8ACBAEB02E80216500B200D6 /* Entypo.ttf in Resources */ = {isa = PBXBuildFile; fileRef = 8ACBAE8F2E80216500B200D6 /* Entypo.ttf */; };
		8ACBAEB12E80216500B200D6 /* FontAwesome5_Solid.ttf in Resources */ = {isa = PBXBuildFile; fileRef = 8ACBAE952E80216500B200D6 /* FontAwesome5_Solid.ttf */; };
		8ACBAEB22E80216500B200D6 /* Zocial.ttf in Resources */ = {isa = PBXBuildFile; fileRef = 8ACBAEA02E80216500B200D6 /* Zocial.ttf */; };
		8ACBAEB32E80216500B200D6 /* SimpleLineIcons.ttf in Resources */ = {isa = PBXBuildFile; fileRef = 8ACBAE9F2E80216500B200D6 /* SimpleLineIcons.ttf */; };
		8ACBAEB42E80216500B200D6 /* FontAwesome5_Brands.ttf in Resources */ = {isa = PBXBuildFile; fileRef = 8ACBAE932E80216500B200D6 /* FontAwesome5_Brands.ttf */; };
		B1B2CC4700F5436F84BA6FE4 /* PlusJakartaSans-ExtraBoldItalic.ttf in Resources */ = {isa = PBXBuildFile; fileRef = 7B6802E3B2204870BD38E6A0 /* PlusJakartaSans-ExtraBoldItalic.ttf */; };
		B39016C1E9F045C6853DD748 /* PlusJakartaSans-Bold.ttf in Resources */ = {isa = PBXBuildFile; fileRef = 1AFF6726947E4E3EB54F092C /* PlusJakartaSans-Bold.ttf */; };
		C322554120FC47B989B07A12 /* BootSplash.storyboard in Resources */ = {isa = PBXBuildFile; fileRef = 4D7E04EB56144D2990752843 /* BootSplash.storyboard */; };
		DE1DF53F560B4824920F348A /* PlusJakartaSans-LightItalic.ttf in Resources */ = {isa = PBXBuildFile; fileRef = 95F46F15DE844216A77CB1E5 /* PlusJakartaSans-LightItalic.ttf */; };
		DF2BE4BF8DDC4F8FABE098E5 /* PlusJakartaSans-Light.ttf in Resources */ = {isa = PBXBuildFile; fileRef = 9C4F649795B34FF1AFFC4601 /* PlusJakartaSans-Light.ttf */; };
		E09288B737CA46C7AE846F40 /* PlusJakartaSans-Italic.ttf in Resources */ = {isa = PBXBuildFile; fileRef = 9715B0786E7942D4925713F6 /* PlusJakartaSans-Italic.ttf */; };
		E09D299100CD43EC9D4FDB39 /* PlusJakartaSans-SemiBoldItalic.ttf in Resources */ = {isa = PBXBuildFile; fileRef = D12BC14F306F4B73BE2735BD /* PlusJakartaSans-SemiBoldItalic.ttf */; };
		E8B512BC11764C822D03D006 /* libPods-VexiraLive.a in Frameworks */ = {isa = PBXBuildFile; fileRef = 0E5E74AB5AC3733943AA52AE /* libPods-VexiraLive.a */; };
/* End PBXBuildFile section */

/* Begin PBXFileReference section */
		0E5E74AB5AC3733943AA52AE /* libPods-VexiraLive.a */ = {isa = PBXFileReference; explicitFileType = archive.ar; includeInIndex = 0; path = "libPods-VexiraLive.a"; sourceTree = BUILT_PRODUCTS_DIR; };
		13B07F961A680F5B00A75B9A /* VexiraLive.app */ = {isa = PBXFileReference; explicitFileType = wrapper.application; includeInIndex = 0; path = VexiraLive.app; sourceTree = BUILT_PRODUCTS_DIR; };
		13B07FB51A68108700A75B9A /* Images.xcassets */ = {isa = PBXFileReference; lastKnownFileType = folder.assetcatalog; name = Images.xcassets; path = VexiraLive/Images.xcassets; sourceTree = "<group>"; };
		13B07FB61A68108700A75B9A /* Info.plist */ = {isa = PBXFileReference; fileEncoding = 4; lastKnownFileType = text.plist.xml; name = Info.plist; path = VexiraLive/Info.plist; sourceTree = "<group>"; };
		13B07FB81A68108700A75B9A /* PrivacyInfo.xcprivacy */ = {isa = PBXFileReference; fileEncoding = 4; lastKnownFileType = text.plist.xml; name = PrivacyInfo.xcprivacy; path = VexiraLive/PrivacyInfo.xcprivacy; sourceTree = "<group>"; };
		1AFF6726947E4E3EB54F092C /* PlusJakartaSans-Bold.ttf */ = {isa = PBXFileReference; explicitFileType = undefined; fileEncoding = undefined; includeInIndex = 0; lastKnownFileType = unknown; name = "PlusJakartaSans-Bold.ttf"; path = "../assets/fonts/PlusJakartaSans-Bold.ttf"; sourceTree = "<group>"; };
		32B853D609B64E34AEC92141 /* PlusJakartaSans-MediumItalic.ttf */ = {isa = PBXFileReference; explicitFileType = undefined; fileEncoding = undefined; includeInIndex = 0; lastKnownFileType = unknown; name = "PlusJakartaSans-MediumItalic.ttf"; path = "../assets/fonts/PlusJakartaSans-MediumItalic.ttf"; sourceTree = "<group>"; };
		35D80580726E4CFF9D22E937 /* PlusJakartaSans-Regular.ttf */ = {isa = PBXFileReference; explicitFileType = undefined; fileEncoding = undefined; includeInIndex = 0; lastKnownFileType = unknown; name = "PlusJakartaSans-Regular.ttf"; path = "../assets/fonts/PlusJakartaSans-Regular.ttf"; sourceTree = "<group>"; };
		4327AE67CA7545E3BF31EC3F /* PlusJakartaSans-SemiBold.ttf */ = {isa = PBXFileReference; explicitFileType = undefined; fileEncoding = undefined; includeInIndex = 0; lastKnownFileType = unknown; name = "PlusJakartaSans-SemiBold.ttf"; path = "../assets/fonts/PlusJakartaSans-SemiBold.ttf"; sourceTree = "<group>"; };
		4BE210BB10CC4DE9B7EBCFD5 /* PlusJakartaSans-ExtraLightItalic.ttf */ = {isa = PBXFileReference; explicitFileType = undefined; fileEncoding = undefined; includeInIndex = 0; lastKnownFileType = unknown; name = "PlusJakartaSans-ExtraLightItalic.ttf"; path = "../assets/fonts/PlusJakartaSans-ExtraLightItalic.ttf"; sourceTree = "<group>"; };
		4D7E04EB56144D2990752843 /* BootSplash.storyboard */ = {isa = PBXFileReference; explicitFileType = undefined; fileEncoding = undefined; includeInIndex = 0; lastKnownFileType = unknown; name = BootSplash.storyboard; path = VexiraLive/BootSplash.storyboard; sourceTree = "<group>"; };
		761780EC2CA45674006654EE /* AppDelegate.swift */ = {isa = PBXFileReference; lastKnownFileType = sourcecode.swift; name = AppDelegate.swift; path = VexiraLive/AppDelegate.swift; sourceTree = "<group>"; };
		7B6802E3B2204870BD38E6A0 /* PlusJakartaSans-ExtraBoldItalic.ttf */ = {isa = PBXFileReference; explicitFileType = undefined; fileEncoding = undefined; includeInIndex = 0; lastKnownFileType = unknown; name = "PlusJakartaSans-ExtraBoldItalic.ttf"; path = "../assets/fonts/PlusJakartaSans-ExtraBoldItalic.ttf"; sourceTree = "<group>"; };
		81AB9BB72411601600AC10FF /* LaunchScreen.storyboard */ = {isa = PBXFileReference; fileEncoding = 4; lastKnownFileType = file.storyboard; name = LaunchScreen.storyboard; path = VexiraLive/LaunchScreen.storyboard; sourceTree = "<group>"; };
		8ACBAE8E2E80216500B200D6 /* AntDesign.ttf */ = {isa = PBXFileReference; lastKnownFileType = file; path = AntDesign.ttf; sourceTree = "<group>"; };
		8ACBAE8F2E80216500B200D6 /* Entypo.ttf */ = {isa = PBXFileReference; lastKnownFileType = file; path = Entypo.ttf; sourceTree = "<group>"; };
		8ACBAE902E80216500B200D6 /* EvilIcons.ttf */ = {isa = PBXFileReference; lastKnownFileType = file; path = EvilIcons.ttf; sourceTree = "<group>"; };
		8ACBAE912E80216500B200D6 /* Feather.ttf */ = {isa = PBXFileReference; lastKnownFileType = file; path = Feather.ttf; sourceTree = "<group>"; };
		8ACBAE922E80216500B200D6 /* FontAwesome.ttf */ = {isa = PBXFileReference; lastKnownFileType = file; path = FontAwesome.ttf; sourceTree = "<group>"; };
		8ACBAE932E80216500B200D6 /* FontAwesome5_Brands.ttf */ = {isa = PBXFileReference; lastKnownFileType = file; path = FontAwesome5_Brands.ttf; sourceTree = "<group>"; };
		8ACBAE942E80216500B200D6 /* FontAwesome5_Regular.ttf */ = {isa = PBXFileReference; lastKnownFileType = file; path = FontAwesome5_Regular.ttf; sourceTree = "<group>"; };
		8ACBAE952E80216500B200D6 /* FontAwesome5_Solid.ttf */ = {isa = PBXFileReference; lastKnownFileType = file; path = FontAwesome5_Solid.ttf; sourceTree = "<group>"; };
		8ACBAE962E80216500B200D6 /* FontAwesome6_Brands.ttf */ = {isa = PBXFileReference; lastKnownFileType = file; path = FontAwesome6_Brands.ttf; sourceTree = "<group>"; };
		8ACBAE972E80216500B200D6 /* FontAwesome6_Regular.ttf */ = {isa = PBXFileReference; lastKnownFileType = file; path = FontAwesome6_Regular.ttf; sourceTree = "<group>"; };
		8ACBAE982E80216500B200D6 /* FontAwesome6_Solid.ttf */ = {isa = PBXFileReference; lastKnownFileType = file; path = FontAwesome6_Solid.ttf; sourceTree = "<group>"; };
		8ACBAE992E80216500B200D6 /* Fontisto.ttf */ = {isa = PBXFileReference; lastKnownFileType = file; path = Fontisto.ttf; sourceTree = "<group>"; };
		8ACBAE9A2E80216500B200D6 /* Foundation.ttf */ = {isa = PBXFileReference; lastKnownFileType = file; path = Foundation.ttf; sourceTree = "<group>"; };
		8ACBAE9B2E80216500B200D6 /* Ionicons.ttf */ = {isa = PBXFileReference; lastKnownFileType = file; path = Ionicons.ttf; sourceTree = "<group>"; };
		8ACBAE9C2E80216500B200D6 /* MaterialCommunityIcons.ttf */ = {isa = PBXFileReference; lastKnownFileType = file; path = MaterialCommunityIcons.ttf; sourceTree = "<group>"; };
		8ACBAE9D2E80216500B200D6 /* MaterialIcons.ttf */ = {isa = PBXFileReference; lastKnownFileType = file; path = MaterialIcons.ttf; sourceTree = "<group>"; };
		8ACBAE9E2E80216500B200D6 /* Octicons.ttf */ = {isa = PBXFileReference; lastKnownFileType = file; path = Octicons.ttf; sourceTree = "<group>"; };
		8ACBAE9F2E80216500B200D6 /* SimpleLineIcons.ttf */ = {isa = PBXFileReference; lastKnownFileType = file; path = SimpleLineIcons.ttf; sourceTree = "<group>"; };
		8ACBAEA02E80216500B200D6 /* Zocial.ttf */ = {isa = PBXFileReference; lastKnownFileType = file; path = Zocial.ttf; sourceTree = "<group>"; };
		8B7C8551B6A9447E95960E7B /* PlusJakartaSans-Medium.ttf */ = {isa = PBXFileReference; explicitFileType = undefined; fileEncoding = undefined; includeInIndex = 0; lastKnownFileType = unknown; name = "PlusJakartaSans-Medium.ttf"; path = "../assets/fonts/PlusJakartaSans-Medium.ttf"; sourceTree = "<group>"; };
		95F46F15DE844216A77CB1E5 /* PlusJakartaSans-LightItalic.ttf */ = {isa = PBXFileReference; explicitFileType = undefined; fileEncoding = undefined; includeInIndex = 0; lastKnownFileType = unknown; name = "PlusJakartaSans-LightItalic.ttf"; path = "../assets/fonts/PlusJakartaSans-LightItalic.ttf"; sourceTree = "<group>"; };
		9715B0786E7942D4925713F6 /* PlusJakartaSans-Italic.ttf */ = {isa = PBXFileReference; explicitFileType = undefined; fileEncoding = undefined; includeInIndex = 0; lastKnownFileType = unknown; name = "PlusJakartaSans-Italic.ttf"; path = "../assets/fonts/PlusJakartaSans-Italic.ttf"; sourceTree = "<group>"; };
		9C4F649795B34FF1AFFC4601 /* PlusJakartaSans-Light.ttf */ = {isa = PBXFileReference; explicitFileType = undefined; fileEncoding = undefined; includeInIndex = 0; lastKnownFileType = unknown; name = "PlusJakartaSans-Light.ttf"; path = "../assets/fonts/PlusJakartaSans-Light.ttf"; sourceTree = "<group>"; };
		A5B70C8929C348519EA109E5 /* PlusJakartaSans-ExtraLight.ttf */ = {isa = PBXFileReference; explicitFileType = undefined; fileEncoding = undefined; includeInIndex = 0; lastKnownFileType = unknown; name = "PlusJakartaSans-ExtraLight.ttf"; path = "../assets/fonts/PlusJakartaSans-ExtraLight.ttf"; sourceTree = "<group>"; };
		AD422CE9AC0F48168147213B /* PlusJakartaSans-BoldItalic.ttf */ = {isa = PBXFileReference; explicitFileType = undefined; fileEncoding = undefined; includeInIndex = 0; lastKnownFileType = unknown; name = "PlusJakartaSans-BoldItalic.ttf"; path = "../assets/fonts/PlusJakartaSans-BoldItalic.ttf"; sourceTree = "<group>"; };
		BE2268189C2CCB9A0335FBB6 /* Pods-VexiraLive.debug.xcconfig */ = {isa = PBXFileReference; includeInIndex = 1; lastKnownFileType = text.xcconfig; name = "Pods-VexiraLive.debug.xcconfig"; path = "Target Support Files/Pods-VexiraLive/Pods-VexiraLive.debug.xcconfig"; sourceTree = "<group>"; };
		C5606FBF42D1489B8BC6D2DF /* Colors.xcassets */ = {isa = PBXFileReference; explicitFileType = undefined; fileEncoding = undefined; includeInIndex = 0; lastKnownFileType = folder.assetcatalog; name = Colors.xcassets; path = VexiraLive/Colors.xcassets; sourceTree = "<group>"; };
		D12BC14F306F4B73BE2735BD /* PlusJakartaSans-SemiBoldItalic.ttf */ = {isa = PBXFileReference; explicitFileType = undefined; fileEncoding = undefined; includeInIndex = 0; lastKnownFileType = unknown; name = "PlusJakartaSans-SemiBoldItalic.ttf"; path = "../assets/fonts/PlusJakartaSans-SemiBoldItalic.ttf"; sourceTree = "<group>"; };
		D9B53068D3D4F10DD768DE39 /* Pods-VexiraLive.release.xcconfig */ = {isa = PBXFileReference; includeInIndex = 1; lastKnownFileType = text.xcconfig; name = "Pods-VexiraLive.release.xcconfig"; path = "Target Support Files/Pods-VexiraLive/Pods-VexiraLive.release.xcconfig"; sourceTree = "<group>"; };
		E15816B2EC594B39AB0965BB /* PlusJakartaSans-ExtraBold.ttf */ = {isa = PBXFileReference; explicitFileType = undefined; fileEncoding = undefined; includeInIndex = 0; lastKnownFileType = unknown; name = "PlusJakartaSans-ExtraBold.ttf"; path = "../assets/fonts/PlusJakartaSans-ExtraBold.ttf"; sourceTree = "<group>"; };
		ED297162215061F000B7C4FE /* JavaScriptCore.framework */ = {isa = PBXFileReference; lastKnownFileType = wrapper.framework; name = JavaScriptCore.framework; path = System/Library/Frameworks/JavaScriptCore.framework; sourceTree = SDKROOT; };
/* End PBXFileReference section */

/* Begin PBXFrameworksBuildPhase section */
		13B07F8C1A680F5B00A75B9A /* Frameworks */ = {
			isa = PBXFrameworksBuildPhase;
			buildActionMask = 2147483647;
			files = (
				E8B512BC11764C822D03D006 /* libPods-VexiraLive.a in Frameworks */,
			);
			runOnlyForDeploymentPostprocessing = 0;
		};
/* End PBXFrameworksBuildPhase section */

/* Begin PBXGroup section */
		13B07FAE1A68108700A75B9A /* VexiraLive */ = {
			isa = PBXGroup;
			children = (
				13B07FB51A68108700A75B9A /* Images.xcassets */,
				761780EC2CA45674006654EE /* AppDelegate.swift */,
				13B07FB61A68108700A75B9A /* Info.plist */,
				81AB9BB72411601600AC10FF /* LaunchScreen.storyboard */,
				13B07FB81A68108700A75B9A /* PrivacyInfo.xcprivacy */,
				4D7E04EB56144D2990752843 /* BootSplash.storyboard */,
				C5606FBF42D1489B8BC6D2DF /* Colors.xcassets */,
			);
			name = VexiraLive;
			sourceTree = "<group>";
		};
		2D16E6871FA4F8E400B85C8A /* Frameworks */ = {
			isa = PBXGroup;
			children = (
				ED297162215061F000B7C4FE /* JavaScriptCore.framework */,
				0E5E74AB5AC3733943AA52AE /* libPods-VexiraLive.a */,
			);
			name = Frameworks;
			sourceTree = "<group>";
		};
		832341AE1AAA6A7D00B99B32 /* Libraries */ = {
			isa = PBXGroup;
			children = (
			);
			name = Libraries;
			sourceTree = "<group>";
		};
		83CBB9F61A601CBA00E9B192 = {
			isa = PBXGroup;
			children = (
				13B07FAE1A68108700A75B9A /* VexiraLive */,
				832341AE1AAA6A7D00B99B32 /* Libraries */,
				83CBBA001A601CBA00E9B192 /* Products */,
				2D16E6871FA4F8E400B85C8A /* Frameworks */,
				BBD78D7AC51CEA395F1C20DB /* Pods */,
				8ACBAEA12E80216500B200D6 /* Fonts */,
				9FCEA68765AB438A95E964F8 /* Resources */,
			);
			indentWidth = 2;
			sourceTree = "<group>";
			tabWidth = 2;
			usesTabs = 0;
		};
		83CBBA001A601CBA00E9B192 /* Products */ = {
			isa = PBXGroup;
			children = (
				13B07F961A680F5B00A75B9A /* VexiraLive.app */,
			);
			name = Products;
			sourceTree = "<group>";
		};
		8ACBAEA12E80216500B200D6 /* Fonts */ = {
			isa = PBXGroup;
			children = (
				8ACBAE8E2E80216500B200D6 /* AntDesign.ttf */,
				8ACBAE8F2E80216500B200D6 /* Entypo.ttf */,
				8ACBAE902E80216500B200D6 /* EvilIcons.ttf */,
				8ACBAE912E80216500B200D6 /* Feather.ttf */,
				8ACBAE922E80216500B200D6 /* FontAwesome.ttf */,
				8ACBAE932E80216500B200D6 /* FontAwesome5_Brands.ttf */,
				8ACBAE942E80216500B200D6 /* FontAwesome5_Regular.ttf */,
				8ACBAE952E80216500B200D6 /* FontAwesome5_Solid.ttf */,
				8ACBAE962E80216500B200D6 /* FontAwesome6_Brands.ttf */,
				8ACBAE972E80216500B200D6 /* FontAwesome6_Regular.ttf */,
				8ACBAE982E80216500B200D6 /* FontAwesome6_Solid.ttf */,
				8ACBAE992E80216500B200D6 /* Fontisto.ttf */,
				8ACBAE9A2E80216500B200D6 /* Foundation.ttf */,
				8ACBAE9B2E80216500B200D6 /* Ionicons.ttf */,
				8ACBAE9C2E80216500B200D6 /* MaterialCommunityIcons.ttf */,
				8ACBAE9D2E80216500B200D6 /* MaterialIcons.ttf */,
				8ACBAE9E2E80216500B200D6 /* Octicons.ttf */,
				8ACBAE9F2E80216500B200D6 /* SimpleLineIcons.ttf */,
				8ACBAEA02E80216500B200D6 /* Zocial.ttf */,
			);
			path = Fonts;
			sourceTree = "<group>";
		};
		9FCEA68765AB438A95E964F8 /* Resources */ = {
			isa = PBXGroup;
			children = (
				1AFF6726947E4E3EB54F092C /* PlusJakartaSans-Bold.ttf */,
				AD422CE9AC0F48168147213B /* PlusJakartaSans-BoldItalic.ttf */,
				E15816B2EC594B39AB0965BB /* PlusJakartaSans-ExtraBold.ttf */,
				7B6802E3B2204870BD38E6A0 /* PlusJakartaSans-ExtraBoldItalic.ttf */,
				A5B70C8929C348519EA109E5 /* PlusJakartaSans-ExtraLight.ttf */,
				4BE210BB10CC4DE9B7EBCFD5 /* PlusJakartaSans-ExtraLightItalic.ttf */,
				9715B0786E7942D4925713F6 /* PlusJakartaSans-Italic.ttf */,
				9C4F649795B34FF1AFFC4601 /* PlusJakartaSans-Light.ttf */,
				95F46F15DE844216A77CB1E5 /* PlusJakartaSans-LightItalic.ttf */,
				8B7C8551B6A9447E95960E7B /* PlusJakartaSans-Medium.ttf */,
				32B853D609B64E34AEC92141 /* PlusJakartaSans-MediumItalic.ttf */,
				35D80580726E4CFF9D22E937 /* PlusJakartaSans-Regular.ttf */,
				4327AE67CA7545E3BF31EC3F /* PlusJakartaSans-SemiBold.ttf */,
				D12BC14F306F4B73BE2735BD /* PlusJakartaSans-SemiBoldItalic.ttf */,
			);
			name = Resources;
			path = "";
			sourceTree = "<group>";
		};
		BBD78D7AC51CEA395F1C20DB /* Pods */ = {
			isa = PBXGroup;
			children = (
				BE2268189C2CCB9A0335FBB6 /* Pods-VexiraLive.debug.xcconfig */,
				D9B53068D3D4F10DD768DE39 /* Pods-VexiraLive.release.xcconfig */,
			);
			path = Pods;
			sourceTree = "<group>";
		};
/* End PBXGroup section */

/* Begin PBXNativeTarget section */
		13B07F861A680F5B00A75B9A /* VexiraLive */ = {
			isa = PBXNativeTarget;
			buildConfigurationList = 13B07F931A680F5B00A75B9A /* Build configuration list for PBXNativeTarget "VexiraLive" */;
			buildPhases = (
				59232D82322408FC824BF067 /* [CP] Check Pods Manifest.lock */,
				13B07F871A680F5B00A75B9A /* Sources */,
				13B07F8C1A680F5B00A75B9A /* Frameworks */,
				13B07F8E1A680F5B00A75B9A /* Resources */,
				00DD1BFF1BD5951E006B06BC /* Bundle React Native code and images */,
				8F858257E9EDD0D7D4D0461F /* [CP] Embed Pods Frameworks */,
				239B60E07D0C3C4EAAE73676 /* [CP] Copy Pods Resources */,
			);
			buildRules = (
			);
			dependencies = (
			);
			name = VexiraLive;
			productName = VexiraLive;
			productReference = 13B07F961A680F5B00A75B9A /* VexiraLive.app */;
			productType = "com.apple.product-type.application";
		};
/* End PBXNativeTarget section */

/* Begin PBXProject section */
		83CBB9F71A601CBA00E9B192 /* Project object */ = {
			isa = PBXProject;
			attributes = {
				LastUpgradeCheck = 1210;
				TargetAttributes = {
					13B07F861A680F5B00A75B9A = {
						LastSwiftMigration = 1120;
					};
				};
			};
			buildConfigurationList = 83CBB9FA1A601CBA00E9B192 /* Build configuration list for PBXProject "VexiraLive" */;
			compatibilityVersion = "Xcode 12.0";
			developmentRegion = en;
			hasScannedForEncodings = 0;
			knownRegions = (
				en,
				Base,
			);
			mainGroup = 83CBB9F61A601CBA00E9B192;
			productRefGroup = 83CBBA001A601CBA00E9B192 /* Products */;
			projectDirPath = "";
			projectRoot = "";
			targets = (
				13B07F861A680F5B00A75B9A /* VexiraLive */,
			);
		};
/* End PBXProject section */

/* Begin PBXResourcesBuildPhase section */
		13B07F8E1A680F5B00A75B9A /* Resources */ = {
			isa = PBXResourcesBuildPhase;
			buildActionMask = 2147483647;
			files = (
				81AB9BB82411601600AC10FF /* LaunchScreen.storyboard in Resources */,
				13B07FBF1A68108700A75B9A /* Images.xcassets in Resources */,
				8ACBAEA22E80216500B200D6 /* FontAwesome.ttf in Resources */,
				8ACBAEA32E80216500B200D6 /* FontAwesome6_Solid.ttf in Resources */,
				8ACBAEA42E80216500B200D6 /* FontAwesome6_Brands.ttf in Resources */,
				8ACBAEA52E80216500B200D6 /* FontAwesome6_Regular.ttf in Resources */,
				8ACBAEA62E80216500B200D6 /* FontAwesome5_Regular.ttf in Resources */,
				8ACBAEA72E80216500B200D6 /* Ionicons.ttf in Resources */,
				8ACBAEA82E80216500B200D6 /* MaterialIcons.ttf in Resources */,
				8ACBAEA92E80216500B200D6 /* MaterialCommunityIcons.ttf in Resources */,
				8ACBAEAA2E80216500B200D6 /* AntDesign.ttf in Resources */,
				8ACBAEAB2E80216500B200D6 /* Octicons.ttf in Resources */,
				8ACBAEAC2E80216500B200D6 /* Foundation.ttf in Resources */,
				8ACBAEAD2E80216500B200D6 /* Feather.ttf in Resources */,
				8ACBAEAE2E80216500B200D6 /* Fontisto.ttf in Resources */,
				8ACBAEAF2E80216500B200D6 /* EvilIcons.ttf in Resources */,
				8ACBAEB02E80216500B200D6 /* Entypo.ttf in Resources */,
				8ACBAEB12E80216500B200D6 /* FontAwesome5_Solid.ttf in Resources */,
				8ACBAEB22E80216500B200D6 /* Zocial.ttf in Resources */,
				8ACBAEB32E80216500B200D6 /* SimpleLineIcons.ttf in Resources */,
				8ACBAEB42E80216500B200D6 /* FontAwesome5_Brands.ttf in Resources */,
				89E4D042E070EF27D79E1057 /* PrivacyInfo.xcprivacy in Resources */,
				B39016C1E9F045C6853DD748 /* PlusJakartaSans-Bold.ttf in Resources */,
				57720EDF2D98416AB76F9042 /* PlusJakartaSans-BoldItalic.ttf in Resources */,
				0D039BCD9FBC4A39B400D0DC /* PlusJakartaSans-ExtraBold.ttf in Resources */,
				B1B2CC4700F5436F84BA6FE4 /* PlusJakartaSans-ExtraBoldItalic.ttf in Resources */,
				1DF0FC5713324A118363D5FB /* PlusJakartaSans-ExtraLight.ttf in Resources */,
				289D019C949D4CEABCB3AED6 /* PlusJakartaSans-ExtraLightItalic.ttf in Resources */,
				E09288B737CA46C7AE846F40 /* PlusJakartaSans-Italic.ttf in Resources */,
				DF2BE4BF8DDC4F8FABE098E5 /* PlusJakartaSans-Light.ttf in Resources */,
				DE1DF53F560B4824920F348A /* PlusJakartaSans-LightItalic.ttf in Resources */,
				0B1156A0CF8E4038A9E48D57 /* PlusJakartaSans-Medium.ttf in Resources */,
				72EAA66206C548EBB5421C76 /* PlusJakartaSans-MediumItalic.ttf in Resources */,
				4EC005E574414B42A1B4DDD3 /* PlusJakartaSans-Regular.ttf in Resources */,
				81ED1506AB18462EA85BA5D6 /* PlusJakartaSans-SemiBold.ttf in Resources */,
				E09D299100CD43EC9D4FDB39 /* PlusJakartaSans-SemiBoldItalic.ttf in Resources */,
				C322554120FC47B989B07A12 /* BootSplash.storyboard in Resources */,
				390694010ECC46BBABAF8A93 /* Colors.xcassets in Resources */,
			);
			runOnlyForDeploymentPostprocessing = 0;
		};
/* End PBXResourcesBuildPhase section */

/* Begin PBXShellScriptBuildPhase section */
		00DD1BFF1BD5951E006B06BC /* Bundle React Native code and images */ = {
			isa = PBXShellScriptBuildPhase;
			buildActionMask = 2147483647;
			files = (
			);
			inputPaths = (
				"$(SRCROOT)/.xcode.env.local",
				"$(SRCROOT)/.xcode.env",
			);
			name = "Bundle React Native code and images";
			outputPaths = (
			);
			runOnlyForDeploymentPostprocessing = 0;
			shellPath = /bin/sh;
			shellScript = "set -e\n\nWITH_ENVIRONMENT=\"$REACT_NATIVE_PATH/scripts/xcode/with-environment.sh\"\nREACT_NATIVE_XCODE=\"$REACT_NATIVE_PATH/scripts/react-native-xcode.sh\"\n\n/bin/sh -c \"$WITH_ENVIRONMENT $REACT_NATIVE_XCODE\"\n";
		};
		239B60E07D0C3C4EAAE73676 /* [CP] Copy Pods Resources */ = {
			isa = PBXShellScriptBuildPhase;
			buildActionMask = 2147483647;
			files = (
			);
			inputFileListPaths = (
				"${PODS_ROOT}/Target Support Files/Pods-VexiraLive/Pods-VexiraLive-resources-${CONFIGURATION}-input-files.xcfilelist",
			);
			name = "[CP] Copy Pods Resources";
			outputFileListPaths = (
				"${PODS_ROOT}/Target Support Files/Pods-VexiraLive/Pods-VexiraLive-resources-${CONFIGURATION}-output-files.xcfilelist",
			);
			runOnlyForDeploymentPostprocessing = 0;
			shellPath = /bin/sh;
			shellScript = "\"${PODS_ROOT}/Target Support Files/Pods-VexiraLive/Pods-VexiraLive-resources.sh\"\n";
			showEnvVarsInLog = 0;
		};
		59232D82322408FC824BF067 /* [CP] Check Pods Manifest.lock */ = {
			isa = PBXShellScriptBuildPhase;
			buildActionMask = 2147483647;
			files = (
			);
			inputFileListPaths = (
			);
			inputPaths = (
				"${PODS_PODFILE_DIR_PATH}/Podfile.lock",
				"${PODS_ROOT}/Manifest.lock",
			);
			name = "[CP] Check Pods Manifest.lock";
			outputFileListPaths = (
			);
			outputPaths = (
				"$(DERIVED_FILE_DIR)/Pods-VexiraLive-checkManifestLockResult.txt",
			);
			runOnlyForDeploymentPostprocessing = 0;
			shellPath = /bin/sh;
			shellScript = "diff \"${PODS_PODFILE_DIR_PATH}/Podfile.lock\" \"${PODS_ROOT}/Manifest.lock\" > /dev/null\nif [ $? != 0 ] ; then\n    # print error to STDERR\n    echo \"error: The sandbox is not in sync with the Podfile.lock. Run 'pod install' or update your CocoaPods installation.\" >&2\n    exit 1\nfi\n# This output is used by Xcode 'outputs' to avoid re-running this script phase.\necho \"SUCCESS\" > \"${SCRIPT_OUTPUT_FILE_0}\"\n";
			showEnvVarsInLog = 0;
		};
		8F858257E9EDD0D7D4D0461F /* [CP] Embed Pods Frameworks */ = {
			isa = PBXShellScriptBuildPhase;
			buildActionMask = 2147483647;
			files = (
			);
			inputFileListPaths = (
				"${PODS_ROOT}/Target Support Files/Pods-VexiraLive/Pods-VexiraLive-frameworks-${CONFIGURATION}-input-files.xcfilelist",
			);
			name = "[CP] Embed Pods Frameworks";
			outputFileListPaths = (
				"${PODS_ROOT}/Target Support Files/Pods-VexiraLive/Pods-VexiraLive-frameworks-${CONFIGURATION}-output-files.xcfilelist",
			);
			runOnlyForDeploymentPostprocessing = 0;
			shellPath = /bin/sh;
			shellScript = "\"${PODS_ROOT}/Target Support Files/Pods-VexiraLive/Pods-VexiraLive-frameworks.sh\"\n";
			showEnvVarsInLog = 0;
		};
/* End PBXShellScriptBuildPhase section */

/* Begin PBXSourcesBuildPhase section */
		13B07F871A680F5B00A75B9A /* Sources */ = {
			isa = PBXSourcesBuildPhase;
			buildActionMask = 2147483647;
			files = (
				761780ED2CA45674006654EE /* AppDelegate.swift in Sources */,
			);
			runOnlyForDeploymentPostprocessing = 0;
		};
/* End PBXSourcesBuildPhase section */

/* Begin XCBuildConfiguration section */
		13B07F941A680F5B00A75B9A /* Debug */ = {
			isa = XCBuildConfiguration;
			baseConfigurationReference = BE2268189C2CCB9A0335FBB6 /* Pods-VexiraLive.debug.xcconfig */;
			buildSettings = {
				ASSETCATALOG_COMPILER_APPICON_NAME = AppIcon;
				CLANG_ENABLE_MODULES = YES;
				CURRENT_PROJECT_VERSION = 1;
				ENABLE_BITCODE = NO;
				INFOPLIST_FILE = VexiraLive/Info.plist;
				IPHONEOS_DEPLOYMENT_TARGET = 15.1;
				LD_RUNPATH_SEARCH_PATHS = (
					"$(inherited)",
					"@executable_path/Frameworks",
				);
				MARKETING_VERSION = 1.0;
				OTHER_LDFLAGS = (
					"$(inherited)",
					"-ObjC",
					"-lc++",
				);
				PRODUCT_BUNDLE_IDENTIFIER = "org.reactjs.native.example.$(PRODUCT_NAME:rfc1034identifier)";
				PRODUCT_NAME = VexiraLive;
				SWIFT_OPTIMIZATION_LEVEL = "-Onone";
				SWIFT_VERSION = 5.0;
				VERSIONING_SYSTEM = "apple-generic";
			};
			name = Debug;
		};
		13B07F951A680F5B00A75B9A /* Release */ = {
			isa = XCBuildConfiguration;
			baseConfigurationReference = D9B53068D3D4F10DD768DE39 /* Pods-VexiraLive.release.xcconfig */;
			buildSettings = {
				ASSETCATALOG_COMPILER_APPICON_NAME = AppIcon;
				CLANG_ENABLE_MODULES = YES;
				CURRENT_PROJECT_VERSION = 1;
				INFOPLIST_FILE = VexiraLive/Info.plist;
				IPHONEOS_DEPLOYMENT_TARGET = 15.1;
				LD_RUNPATH_SEARCH_PATHS = (
					"$(inherited)",
					"@executable_path/Frameworks",
				);
				MARKETING_VERSION = 1.0;
				OTHER_LDFLAGS = (
					"$(inherited)",
					"-ObjC",
					"-lc++",
				);
				PRODUCT_BUNDLE_IDENTIFIER = "org.reactjs.native.example.$(PRODUCT_NAME:rfc1034identifier)";
				PRODUCT_NAME = VexiraLive;
				SWIFT_VERSION = 5.0;
				VERSIONING_SYSTEM = "apple-generic";
			};
			name = Release;
		};
		83CBBA201A601CBA00E9B192 /* Debug */ = {
			isa = XCBuildConfiguration;
			buildSettings = {
				ALWAYS_SEARCH_USER_PATHS = NO;
				CLANG_ANALYZER_LOCALIZABILITY_NONLOCALIZED = YES;
				CLANG_CXX_LANGUAGE_STANDARD = "c++20";
				CLANG_CXX_LIBRARY = "libc++";
				CLANG_ENABLE_MODULES = YES;
				CLANG_ENABLE_OBJC_ARC = YES;
				CLANG_WARN_BLOCK_CAPTURE_AUTORELEASING = YES;
				CLANG_WARN_BOOL_CONVERSION = YES;
				CLANG_WARN_COMMA = YES;
				CLANG_WARN_CONSTANT_CONVERSION = YES;
				CLANG_WARN_DEPRECATED_OBJC_IMPLEMENTATIONS = YES;
				CLANG_WARN_DIRECT_OBJC_ISA_USAGE = YES_ERROR;
				CLANG_WARN_EMPTY_BODY = YES;
				CLANG_WARN_ENUM_CONVERSION = YES;
				CLANG_WARN_INFINITE_RECURSION = YES;
				CLANG_WARN_INT_CONVERSION = YES;
				CLANG_WARN_NON_LITERAL_NULL_CONVERSION = YES;
				CLANG_WARN_OBJC_IMPLICIT_RETAIN_SELF = YES;
				CLANG_WARN_OBJC_LITERAL_CONVERSION = YES;
				CLANG_WARN_OBJC_ROOT_CLASS = YES_ERROR;
				CLANG_WARN_QUOTED_INCLUDE_IN_FRAMEWORK_HEADER = YES;
				CLANG_WARN_RANGE_LOOP_ANALYSIS = YES;
				CLANG_WARN_STRICT_PROTOTYPES = YES;
				CLANG_WARN_SUSPICIOUS_MOVE = YES;
				CLANG_WARN_UNREACHABLE_CODE = YES;
				CLANG_WARN__DUPLICATE_METHOD_MATCH = YES;
				"CODE_SIGN_IDENTITY[sdk=iphoneos*]" = "iPhone Developer";
				COPY_PHASE_STRIP = NO;
				ENABLE_STRICT_OBJC_MSGSEND = YES;
				ENABLE_TESTABILITY = YES;
				"EXCLUDED_ARCHS[sdk=iphonesimulator*]" = "";
				GCC_C_LANGUAGE_STANDARD = gnu99;
				GCC_DYNAMIC_NO_PIC = NO;
				GCC_NO_COMMON_BLOCKS = YES;
				GCC_OPTIMIZATION_LEVEL = 0;
				GCC_PREPROCESSOR_DEFINITIONS = (
					"DEBUG=1",
					"$(inherited)",
				);
				GCC_SYMBOLS_PRIVATE_EXTERN = NO;
				GCC_WARN_64_TO_32_BIT_CONVERSION = YES;
				GCC_WARN_ABOUT_RETURN_TYPE = YES_ERROR;
				GCC_WARN_UNDECLARED_SELECTOR = YES;
				GCC_WARN_UNINITIALIZED_AUTOS = YES_AGGRESSIVE;
				GCC_WARN_UNUSED_FUNCTION = YES;
				GCC_WARN_UNUSED_VARIABLE = YES;
				IPHONEOS_DEPLOYMENT_TARGET = 15.1;
				LD_RUNPATH_SEARCH_PATHS = (
					/usr/lib/swift,
					"$(inherited)",
				);
				LIBRARY_SEARCH_PATHS = (
					"\"$(SDKROOT)/usr/lib/swift\"",
					"\"$(TOOLCHAIN_DIR)/usr/lib/swift/$(PLATFORM_NAME)\"",
					"\"$(inherited)\"",
				);
				MTL_ENABLE_DEBUG_INFO = YES;
				ONLY_ACTIVE_ARCH = YES;
				OTHER_CPLUSPLUSFLAGS = (
					"$(OTHER_CFLAGS)",
					"-DFOLLY_NO_CONFIG",
					"-DFOLLY_MOBILE=1",
					"-DFOLLY_USE_LIBCPP=1",
					"-DFOLLY_CFG_NO_COROUTINES=1",
					"-DFOLLY_HAVE_CLOCK_GETTIME=1",
				);
				REACT_NATIVE_PATH = "${PODS_ROOT}/../../node_modules/react-native";
				SDKROOT = iphoneos;
				SWIFT_ACTIVE_COMPILATION_CONDITIONS = "$(inherited) DEBUG";
				USE_HERMES = true;
			};
			name = Debug;
		};
		83CBBA211A601CBA00E9B192 /* Release */ = {
			isa = XCBuildConfiguration;
			buildSettings = {
				ALWAYS_SEARCH_USER_PATHS = NO;
				CLANG_ANALYZER_LOCALIZABILITY_NONLOCALIZED = YES;
				CLANG_CXX_LANGUAGE_STANDARD = "c++20";
				CLANG_CXX_LIBRARY = "libc++";
				CLANG_ENABLE_MODULES = YES;
				CLANG_ENABLE_OBJC_ARC = YES;
				CLANG_WARN_BLOCK_CAPTURE_AUTORELEASING = YES;
				CLANG_WARN_BOOL_CONVERSION = YES;
				CLANG_WARN_COMMA = YES;
				CLANG_WARN_CONSTANT_CONVERSION = YES;
				CLANG_WARN_DEPRECATED_OBJC_IMPLEMENTATIONS = YES;
				CLANG_WARN_DIRECT_OBJC_ISA_USAGE = YES_ERROR;
				CLANG_WARN_EMPTY_BODY = YES;
				CLANG_WARN_ENUM_CONVERSION = YES;
				CLANG_WARN_INFINITE_RECURSION = YES;
				CLANG_WARN_INT_CONVERSION = YES;
				CLANG_WARN_NON_LITERAL_NULL_CONVERSION = YES;
				CLANG_WARN_OBJC_IMPLICIT_RETAIN_SELF = YES;
				CLANG_WARN_OBJC_LITERAL_CONVERSION = YES;
				CLANG_WARN_OBJC_ROOT_CLASS = YES_ERROR;
				CLANG_WARN_QUOTED_INCLUDE_IN_FRAMEWORK_HEADER = YES;
				CLANG_WARN_RANGE_LOOP_ANALYSIS = YES;
				CLANG_WARN_STRICT_PROTOTYPES = YES;
				CLANG_WARN_SUSPICIOUS_MOVE = YES;
				CLANG_WARN_UNREACHABLE_CODE = YES;
				CLANG_WARN__DUPLICATE_METHOD_MATCH = YES;
				"CODE_SIGN_IDENTITY[sdk=iphoneos*]" = "iPhone Developer";
				COPY_PHASE_STRIP = YES;
				ENABLE_NS_ASSERTIONS = NO;
				ENABLE_STRICT_OBJC_MSGSEND = YES;
				"EXCLUDED_ARCHS[sdk=iphonesimulator*]" = "";
				GCC_C_LANGUAGE_STANDARD = gnu99;
				GCC_NO_COMMON_BLOCKS = YES;
				GCC_WARN_64_TO_32_BIT_CONVERSION = YES;
				GCC_WARN_ABOUT_RETURN_TYPE = YES_ERROR;
				GCC_WARN_UNDECLARED_SELECTOR = YES;
				GCC_WARN_UNINITIALIZED_AUTOS = YES_AGGRESSIVE;
				GCC_WARN_UNUSED_FUNCTION = YES;
				GCC_WARN_UNUSED_VARIABLE = YES;
				IPHONEOS_DEPLOYMENT_TARGET = 15.1;
				LD_RUNPATH_SEARCH_PATHS = (
					/usr/lib/swift,
					"$(inherited)",
				);
				LIBRARY_SEARCH_PATHS = (
					"\"$(SDKROOT)/usr/lib/swift\"",
					"\"$(TOOLCHAIN_DIR)/usr/lib/swift/$(PLATFORM_NAME)\"",
					"\"$(inherited)\"",
				);
				MTL_ENABLE_DEBUG_INFO = NO;
				OTHER_CPLUSPLUSFLAGS = (
					"$(OTHER_CFLAGS)",
					"-DFOLLY_NO_CONFIG",
					"-DFOLLY_MOBILE=1",
					"-DFOLLY_USE_LIBCPP=1",
					"-DFOLLY_CFG_NO_COROUTINES=1",
					"-DFOLLY_HAVE_CLOCK_GETTIME=1",
				);
				REACT_NATIVE_PATH = "${PODS_ROOT}/../../node_modules/react-native";
				SDKROOT = iphoneos;
				USE_HERMES = true;
				VALIDATE_PRODUCT = YES;
			};
			name = Release;
		};
/* End XCBuildConfiguration section */

/* Begin XCConfigurationList section */
		13B07F931A680F5B00A75B9A /* Build configuration list for PBXNativeTarget "VexiraLive" */ = {
			isa = XCConfigurationList;
			buildConfigurations = (
				13B07F941A680F5B00A75B9A /* Debug */,
				13B07F951A680F5B00A75B9A /* Release */,
			);
			defaultConfigurationIsVisible = 0;
			defaultConfigurationName = Release;
		};
		83CBB9FA1A601CBA00E9B192 /* Build configuration list for PBXProject "VexiraLive" */ = {
			isa = XCConfigurationList;
			buildConfigurations = (
				83CBBA201A601CBA00E9B192 /* Debug */,
				83CBBA211A601CBA00E9B192 /* Release */,
			);
			defaultConfigurationIsVisible = 0;
			defaultConfigurationName = Release;
		};
/* End XCConfigurationList section */
	};
	rootObject = 83CBB9F71A601CBA00E9B192 /* Project object */;
}
